
Microsoft Visual Studio Solution File, Format Version 12.00
# Visual Studio 2013
VisualStudioVersion = 12.0.31101.0
MinimumVisualStudioVersion = 10.0.40219.1
Project("{8BC9CEB8-8B4A-11D0-8D11-00A0C91BC942}") = "ts3_client_customdevice_sample", "ts3_client_customdevice_sample.vcxproj", "{ED6D9E64-9601-4E70-AC6A-B11AD5EC9673}"
EndProject
Global
	GlobalSection(SolutionConfigurationPlatforms) = preSolution
		Debug|Win32 = Debug|Win32
		Release|Win32 = Release|Win32
	EndGlobalSection
	GlobalSection(ProjectConfigurationPlatforms) = postSolution
		{ED6D9E64-9601-4E70-AC6A-B11AD5EC9673}.Debug|Win32.ActiveCfg = Debug|Win32
		{ED6D9E64-9601-4E70-AC6A-B11AD5EC9673}.Debug|Win32.Build.0 = Debug|Win32
		{ED6D9E64-9601-4E70-AC6A-B11AD5EC9673}.Release|Win32.ActiveCfg = Release|Win32
		{ED6D9E64-9601-4E70-AC6A-B11AD5EC9673}.Release|Win32.Build.0 = Release|Win32
	EndGlobalSection
	GlobalSection(SolutionProperties) = preSolution
		HideSolutionNode = FALSE
	EndGlobalSection
EndGlobal
